
Microsoft Visual Studio Solution File, Format Version 12.00
# Visual Studio Version 16
VisualStudioVersion = 16.0.30309.148
MinimumVisualStudioVersion = 10.0.40219.1
Project("{FAE04EC0-301F-11D3-BF4B-00C04F79EFBC}") = "MonoGame-Animations", "MonoGame-Animations\MonoGame-Animations.csproj", "{9BC7D856-7F01-4BC2-9500-0A995978B37F}"
EndProject
Global
	GlobalSection(SolutionConfigurationPlatforms) = preSolution
		Debug|Any CPU = Debug|Any CPU
		Release|Any CPU = Release|Any CPU
	EndGlobalSection
	GlobalSection(ProjectConfigurationPlatforms) = postSolution
		{9BC7D856-7F01-4BC2-9500-0A995978B37F}.Debug|Any CPU.ActiveCfg = Debug|Any CPU
		{9BC7D856-7F01-4BC2-9500-0A995978B37F}.Debug|Any CPU.Build.0 = Debug|Any CPU
		{9BC7D856-7F01-4BC2-9500-0A995978B37F}.Release|Any CPU.ActiveCfg = Release|Any CPU
		{9BC7D856-7F01-4BC2-9500-0A995978B37F}.Release|Any CPU.Build.0 = Release|Any CPU
	EndGlobalSection
	GlobalSection(SolutionProperties) = preSolution
		HideSolutionNode = FALSE
	EndGlobalSection
	GlobalSection(ExtensibilityGlobals) = postSolution
		SolutionGuid = {8F6234E9-B363-4002-A874-DEAA997A91A3}
	EndGlobalSection
EndGlobal
